# This file is automatically @generated by Poetry 2.1.3 and should not be changed by hand.

[[package]]
name = "z3-solver"
version = "4.14.1.0"
description = "an efficient SMT solver library"
optional = false
python-versions = "*"
groups = ["main"]
files = [
    {file = "z3_solver-4.14.1.0-py3-none-macosx_13_0_arm64.whl", hash = "sha256:cb58bc05a88889d5ba6246ebc9f0d2f6cf346002fe73df4a4d8b358ac012ab44"},
    {file = "z3_solver-4.14.1.0-py3-none-macosx_13_0_x86_64.whl", hash = "sha256:86594ca6f25531d4bf1f42d23cbc463877ddd06c9d5c4df7160313e1dace898c"},
    {file = "z3_solver-4.14.1.0-py3-none-manylinux_2_17_x86_64.manylinux2014_x86_64.whl", hash = "sha256:dc8e48fa2855f6f7fa5fda450a5f7f042651f447835e5a2db531960658eb012d"},
    {file = "z3_solver-4.14.1.0-py3-none-manylinux_2_34_aarch64.whl", hash = "sha256:4bd2b1956c39e29902910ff3898b4999cd0613cf80eee4c58b1572cae3d33248"},
    {file = "z3_solver-4.14.1.0-py3-none-win32.whl", hash = "sha256:3ab20f602e9d00b3928f5692b05455c6496dd171761874937169f949cb5ee6f5"},
    {file = "z3_solver-4.14.1.0-py3-none-win_amd64.whl", hash = "sha256:5c04967807ba3a33a28232c6c4c59d76257b8726a323ee8aea907820f27ca76e"},
    {file = "z3_solver-4.14.1.0.tar.gz", hash = "sha256:ddc6981d83205cbe6000b8fa71f78da496bbaa635fadaf776b6d129b80e7b113"},
]

[metadata]
lock-version = "2.1"
python-versions = ">=3.12"
content-hash = "8438eafd2b0766b84527358c2b8ac29aa39fc2f5814e210ca191536d60777bf8"
